# THIS IS AN AUTOGENERATED FILE. DO NOT EDIT THIS FILE DIRECTLY.
# yarn lockfile v1


"@kartverket/geonorge-web-components@^2.22.1":
  version "2.22.1"
  resolved "https://registry.yarnpkg.com/@kartverket/geonorge-web-components/-/geonorge-web-components-2.22.1.tgz#eae51af421962214e626c13afda322ef4d122783"
  integrity sha512-4BPs5l2OBkv9+9iWSMkQZNoT+ftNmuxMBEJwR9XRlfkSDPBVIgo8vgPPGnMdp5ZEUGRhRF2Xobu2NKIblRRCew==
