# THIS IS AN AUTOGENERATED FILE. DO NOT EDIT THIS FILE DIRECTLY.
# yarn lockfile v1


"@kartverket/geonorge-web-components@^0.2.7":
  version "0.2.16"
  resolved "https://registry.yarnpkg.com/@kartverket/geonorge-web-components/-/geonorge-web-components-0.2.16.tgz#45039b00d09aed9aae34bca9753593a9c7565a05"
  integrity sha512-pZSXUaH9ns1g6FlEt6bT4LoSX6+N6UTcloZna2751PkmNLWCpreZLOCasanko9FW6M1LfV+fXXum/oeE3Ld9WQ==
