{
  "name": "wtest",
  "version": "1.0.0",
  "lockfileVersion": 3,
  "requires": true,
  "packages": {
    "": {
      "name": "wtest",
      "version": "1.0.0",
      "license": "ISC",
      "dependencies": {
        "@kartverket/geonorge-web-components": "^4.0.5"
      }
    },
    "node_modules/@kartverket/geonorge-web-components": {
      "version": "4.0.5",
      "resolved": "https://registry.npmjs.org/@kartverket/geonorge-web-components/-/geonorge-web-components-4.0.5.tgz",
      "integrity": "sha512-YVc8wZ2Db87etBcikoskbmnjX/fl7nKXMndctbf4Drsg+mG8uECgrRUwKJ+EJavldv1Dr8NxoovWg8CVZjHg/A=="
    }
  }
}
